// !$*UTF8*$!
{
	archiveVersion = 1;
	classes = {
	};
	objectVersion = 56;
	objects = {

/* Begin PBXBuildFile section */
		F3C41B7729F675EB004ACA83 /* AppDelegate.swift in Sources */ = {isa = PBXBuildFile; fileRef = F3C41B7629F675EB004ACA83 /* AppDelegate.swift */; };
		F3C41B7929F675EB004ACA83 /* SceneDelegate.swift in Sources */ = {isa = PBXBuildFile; fileRef = F3C41B7829F675EB004ACA83 /* SceneDelegate.swift */; };
		F3C41B7B29F675EB004ACA83 /* SignUpScreenViewController.swift in Sources */ = {isa = PBXBuildFile; fileRef = F3C41B7A29F675EB004ACA83 /* SignUpScreenViewController.swift */; };
		F3C41B8029F675EF004ACA83 /* Assets.xcassets in Resources */ = {isa = PBXBuildFile; fileRef = F3C41B7F29F675EF004ACA83 /* Assets.xcassets */; };
		F3C41B8329F675EF004ACA83 /* LaunchScreen.storyboard in Resources */ = {isa = PBXBuildFile; fileRef = F3C41B8129F675EF004ACA83 /* LaunchScreen.storyboard */; };
		F3C41B9629F679FF004ACA83 /* SignUpScreenView.swift in Sources */ = {isa = PBXBuildFile; fileRef = F3C41B9529F679FF004ACA83 /* SignUpScreenView.swift */; };
		F3C41B9829F67A13004ACA83 /* SignUpScreenPresenter.swift in Sources */ = {isa = PBXBuildFile; fileRef = F3C41B9729F67A13004ACA83 /* SignUpScreenPresenter.swift */; };
		F3C41B9A29F67A22004ACA83 /* SignUpScreenInteractor.swift in Sources */ = {isa = PBXBuildFile; fileRef = F3C41B9929F67A22004ACA83 /* SignUpScreenInteractor.swift */; };
		F3C41B9C29F67A2A004ACA83 /* SignUpScreenRouter.swift in Sources */ = {isa = PBXBuildFile; fileRef = F3C41B9B29F67A2A004ACA83 /* SignUpScreenRouter.swift */; };
		F3C41B9E29F67A32004ACA83 /* SignUpScreenAssembly.swift in Sources */ = {isa = PBXBuildFile; fileRef = F3C41B9D29F67A32004ACA83 /* SignUpScreenAssembly.swift */; };
		F3C41BA129F67B59004ACA83 /* SnapKit in Frameworks */ = {isa = PBXBuildFile; productRef = F3C41BA029F67B59004ACA83 /* SnapKit */; };
		F3C41BA429F67BE0004ACA83 /* UICustomTextField.swift in Sources */ = {isa = PBXBuildFile; fileRef = F3C41BA329F67BE0004ACA83 /* UICustomTextField.swift */; };
		F3C41BA729F67C07004ACA83 /* UIColorExtensions.swift in Sources */ = {isa = PBXBuildFile; fileRef = F3C41BA629F67C07004ACA83 /* UIColorExtensions.swift */; };
		F3C41BAA29F68644004ACA83 /* MainScreenAssembly.swift in Sources */ = {isa = PBXBuildFile; fileRef = F3C41BA929F68644004ACA83 /* MainScreenAssembly.swift */; };
		F3C41BAC29F68654004ACA83 /* MainScreenView.swift in Sources */ = {isa = PBXBuildFile; fileRef = F3C41BAB29F68654004ACA83 /* MainScreenView.swift */; };
		F3C41BAE29F6865E004ACA83 /* MainScreenViewController.swift in Sources */ = {isa = PBXBuildFile; fileRef = F3C41BAD29F6865E004ACA83 /* MainScreenViewController.swift */; };
		F3C41BB029F68665004ACA83 /* MainScreenPresenter.swift in Sources */ = {isa = PBXBuildFile; fileRef = F3C41BAF29F68665004ACA83 /* MainScreenPresenter.swift */; };
		F3C41BB229F6867F004ACA83 /* MainScreenInteractor.swift in Sources */ = {isa = PBXBuildFile; fileRef = F3C41BB129F6867F004ACA83 /* MainScreenInteractor.swift */; };
		F3C41BB429F68686004ACA83 /* MainScreenRouter.swift in Sources */ = {isa = PBXBuildFile; fileRef = F3C41BB329F68686004ACA83 /* MainScreenRouter.swift */; };
		F3C41BB629F688EF004ACA83 /* MainScreenCompetitionCollectionViewCell.swift in Sources */ = {isa = PBXBuildFile; fileRef = F3C41BB529F688EF004ACA83 /* MainScreenCompetitionCollectionViewCell.swift */; };
		F3C41BB929F68B63004ACA83 /* SFProText-Medium.ttf in Resources */ = {isa = PBXBuildFile; fileRef = F3C41BB829F68B63004ACA83 /* SFProText-Medium.ttf */; };
		F3C41BBB29F6B4D0004ACA83 /* SFProText-Regular.ttf in Resources */ = {isa = PBXBuildFile; fileRef = F3C41BBA29F6B4D0004ACA83 /* SFProText-Regular.ttf */; };
		F3E2825429F820D0001D4A6C /* AuthScreenValidator.swift in Sources */ = {isa = PBXBuildFile; fileRef = F3E2825329F820D0001D4A6C /* AuthScreenValidator.swift */; };
		F3E2825929F82310001D4A6C /* SignUpScreenPresenterProtocol.swift in Sources */ = {isa = PBXBuildFile; fileRef = F3E2825829F82310001D4A6C /* SignUpScreenPresenterProtocol.swift */; };
		F3E2825B29F82429001D4A6C /* MainRouter.swift in Sources */ = {isa = PBXBuildFile; fileRef = F3E2825A29F82429001D4A6C /* MainRouter.swift */; };
		F3E2825D29F82447001D4A6C /* MainRouterProtocol.swift in Sources */ = {isa = PBXBuildFile; fileRef = F3E2825C29F82447001D4A6C /* MainRouterProtocol.swift */; };
		F3E2826029F824FB001D4A6C /* ScreenFactoryProtocol.swift in Sources */ = {isa = PBXBuildFile; fileRef = F3E2825F29F824FB001D4A6C /* ScreenFactoryProtocol.swift */; };
		F3E2826229F82511001D4A6C /* ScreenFactory.swift in Sources */ = {isa = PBXBuildFile; fileRef = F3E2826129F82511001D4A6C /* ScreenFactory.swift */; };
		F3E2826429F82995001D4A6C /* SignUpScreenViewControllerProtocol.swift in Sources */ = {isa = PBXBuildFile; fileRef = F3E2826329F82995001D4A6C /* SignUpScreenViewControllerProtocol.swift */; };
		F3E2826629F829E9001D4A6C /* SignUpScreenRouterProtocol.swift in Sources */ = {isa = PBXBuildFile; fileRef = F3E2826529F829E9001D4A6C /* SignUpScreenRouterProtocol.swift */; };
		F3E2826829F829FE001D4A6C /* SignUpScreenInteractorProtocol.swift in Sources */ = {isa = PBXBuildFile; fileRef = F3E2826729F829FE001D4A6C /* SignUpScreenInteractorProtocol.swift */; };
/* End PBXBuildFile section */

/* Begin PBXFileReference section */
		F3C41B7329F675EB004ACA83 /* SHIFT-LAB.app */ = {isa = PBXFileReference; explicitFileType = wrapper.application; includeInIndex = 0; path = "SHIFT-LAB.app"; sourceTree = BUILT_PRODUCTS_DIR; };
		F3C41B7629F675EB004ACA83 /* AppDelegate.swift */ = {isa = PBXFileReference; lastKnownFileType = sourcecode.swift; path = AppDelegate.swift; sourceTree = "<group>"; };
		F3C41B7829F675EB004ACA83 /* SceneDelegate.swift */ = {isa = PBXFileReference; lastKnownFileType = sourcecode.swift; path = SceneDelegate.swift; sourceTree = "<group>"; };
		F3C41B7A29F675EB004ACA83 /* SignUpScreenViewController.swift */ = {isa = PBXFileReference; lastKnownFileType = sourcecode.swift; path = SignUpScreenViewController.swift; sourceTree = "<group>"; };
		F3C41B7F29F675EF004ACA83 /* Assets.xcassets */ = {isa = PBXFileReference; lastKnownFileType = folder.assetcatalog; path = Assets.xcassets; sourceTree = "<group>"; };
		F3C41B8229F675EF004ACA83 /* Base */ = {isa = PBXFileReference; lastKnownFileType = file.storyboard; name = Base; path = Base.lproj/LaunchScreen.storyboard; sourceTree = "<group>"; };
		F3C41B8429F675EF004ACA83 /* Info.plist */ = {isa = PBXFileReference; lastKnownFileType = text.plist.xml; path = Info.plist; sourceTree = "<group>"; };
		F3C41B9529F679FF004ACA83 /* SignUpScreenView.swift */ = {isa = PBXFileReference; lastKnownFileType = sourcecode.swift; path = SignUpScreenView.swift; sourceTree = "<group>"; };
		F3C41B9729F67A13004ACA83 /* SignUpScreenPresenter.swift */ = {isa = PBXFileReference; lastKnownFileType = sourcecode.swift; path = SignUpScreenPresenter.swift; sourceTree = "<group>"; };
		F3C41B9929F67A22004ACA83 /* SignUpScreenInteractor.swift */ = {isa = PBXFileReference; lastKnownFileType = sourcecode.swift; path = SignUpScreenInteractor.swift; sourceTree = "<group>"; };
		F3C41B9B29F67A2A004ACA83 /* SignUpScreenRouter.swift */ = {isa = PBXFileReference; lastKnownFileType = sourcecode.swift; path = SignUpScreenRouter.swift; sourceTree = "<group>"; };
		F3C41B9D29F67A32004ACA83 /* SignUpScreenAssembly.swift */ = {isa = PBXFileReference; lastKnownFileType = sourcecode.swift; path = SignUpScreenAssembly.swift; sourceTree = "<group>"; };
		F3C41BA329F67BE0004ACA83 /* UICustomTextField.swift */ = {isa = PBXFileReference; lastKnownFileType = sourcecode.swift; path = UICustomTextField.swift; sourceTree = "<group>"; };
		F3C41BA629F67C07004ACA83 /* UIColorExtensions.swift */ = {isa = PBXFileReference; lastKnownFileType = sourcecode.swift; path = UIColorExtensions.swift; sourceTree = "<group>"; };
		F3C41BA929F68644004ACA83 /* MainScreenAssembly.swift */ = {isa = PBXFileReference; lastKnownFileType = sourcecode.swift; path = MainScreenAssembly.swift; sourceTree = "<group>"; };
		F3C41BAB29F68654004ACA83 /* MainScreenView.swift */ = {isa = PBXFileReference; lastKnownFileType = sourcecode.swift; path = MainScreenView.swift; sourceTree = "<group>"; };
		F3C41BAD29F6865E004ACA83 /* MainScreenViewController.swift */ = {isa = PBXFileReference; lastKnownFileType = sourcecode.swift; path = MainScreenViewController.swift; sourceTree = "<group>"; };
		F3C41BAF29F68665004ACA83 /* MainScreenPresenter.swift */ = {isa = PBXFileReference; lastKnownFileType = sourcecode.swift; path = MainScreenPresenter.swift; sourceTree = "<group>"; };
		F3C41BB129F6867F004ACA83 /* MainScreenInteractor.swift */ = {isa = PBXFileReference; lastKnownFileType = sourcecode.swift; path = MainScreenInteractor.swift; sourceTree = "<group>"; };
		F3C41BB329F68686004ACA83 /* MainScreenRouter.swift */ = {isa = PBXFileReference; lastKnownFileType = sourcecode.swift; path = MainScreenRouter.swift; sourceTree = "<group>"; };
		F3C41BB529F688EF004ACA83 /* MainScreenCompetitionCollectionViewCell.swift */ = {isa = PBXFileReference; lastKnownFileType = sourcecode.swift; path = MainScreenCompetitionCollectionViewCell.swift; sourceTree = "<group>"; };
		F3C41BB829F68B63004ACA83 /* SFProText-Medium.ttf */ = {isa = PBXFileReference; lastKnownFileType = file; path = "SFProText-Medium.ttf"; sourceTree = "<group>"; };
		F3C41BBA29F6B4D0004ACA83 /* SFProText-Regular.ttf */ = {isa = PBXFileReference; lastKnownFileType = file; path = "SFProText-Regular.ttf"; sourceTree = "<group>"; };
		F3E2825329F820D0001D4A6C /* AuthScreenValidator.swift */ = {isa = PBXFileReference; lastKnownFileType = sourcecode.swift; path = AuthScreenValidator.swift; sourceTree = "<group>"; };
		F3E2825829F82310001D4A6C /* SignUpScreenPresenterProtocol.swift */ = {isa = PBXFileReference; lastKnownFileType = sourcecode.swift; path = SignUpScreenPresenterProtocol.swift; sourceTree = "<group>"; };
		F3E2825A29F82429001D4A6C /* MainRouter.swift */ = {isa = PBXFileReference; lastKnownFileType = sourcecode.swift; path = MainRouter.swift; sourceTree = "<group>"; };
		F3E2825C29F82447001D4A6C /* MainRouterProtocol.swift */ = {isa = PBXFileReference; lastKnownFileType = sourcecode.swift; path = MainRouterProtocol.swift; sourceTree = "<group>"; };
		F3E2825F29F824FB001D4A6C /* ScreenFactoryProtocol.swift */ = {isa = PBXFileReference; lastKnownFileType = sourcecode.swift; path = ScreenFactoryProtocol.swift; sourceTree = "<group>"; };
		F3E2826129F82511001D4A6C /* ScreenFactory.swift */ = {isa = PBXFileReference; lastKnownFileType = sourcecode.swift; path = ScreenFactory.swift; sourceTree = "<group>"; };
		F3E2826329F82995001D4A6C /* SignUpScreenViewControllerProtocol.swift */ = {isa = PBXFileReference; lastKnownFileType = sourcecode.swift; path = SignUpScreenViewControllerProtocol.swift; sourceTree = "<group>"; };
		F3E2826529F829E9001D4A6C /* SignUpScreenRouterProtocol.swift */ = {isa = PBXFileReference; lastKnownFileType = sourcecode.swift; path = SignUpScreenRouterProtocol.swift; sourceTree = "<group>"; };
		F3E2826729F829FE001D4A6C /* SignUpScreenInteractorProtocol.swift */ = {isa = PBXFileReference; lastKnownFileType = sourcecode.swift; path = SignUpScreenInteractorProtocol.swift; sourceTree = "<group>"; };
/* End PBXFileReference section */

/* Begin PBXFrameworksBuildPhase section */
		F3C41B7029F675EB004ACA83 /* Frameworks */ = {
			isa = PBXFrameworksBuildPhase;
			buildActionMask = 2147483647;
			files = (
				F3C41BA129F67B59004ACA83 /* SnapKit in Frameworks */,
			);
			runOnlyForDeploymentPostprocessing = 0;
		};
/* End PBXFrameworksBuildPhase section */

/* Begin PBXGroup section */
		F3C41B6A29F675EB004ACA83 = {
			isa = PBXGroup;
			children = (
				F3C41B7529F675EB004ACA83 /* SHIFT-LAB */,
				F3C41B7429F675EB004ACA83 /* Products */,
			);
			sourceTree = "<group>";
		};
		F3C41B7429F675EB004ACA83 /* Products */ = {
			isa = PBXGroup;
			children = (
				F3C41B7329F675EB004ACA83 /* SHIFT-LAB.app */,
			);
			name = Products;
			sourceTree = "<group>";
		};
		F3C41B7529F675EB004ACA83 /* SHIFT-LAB */ = {
			isa = PBXGroup;
			children = (
				F3C41B8A29F6760F004ACA83 /* Application */,
				F3C41B9229F67931004ACA83 /* Services */,
				F3C41B8D29F678C3004ACA83 /* Screens */,
				F3C41B8B29F67616004ACA83 /* Resources */,
			);
			path = "SHIFT-LAB";
			sourceTree = "<group>";
		};
		F3C41B8A29F6760F004ACA83 /* Application */ = {
			isa = PBXGroup;
			children = (
				F3C41B7629F675EB004ACA83 /* AppDelegate.swift */,
				F3C41B7829F675EB004ACA83 /* SceneDelegate.swift */,
				F3C41B8429F675EF004ACA83 /* Info.plist */,
			);
			path = Application;
			sourceTree = "<group>";
		};
		F3C41B8B29F67616004ACA83 /* Resources */ = {
			isa = PBXGroup;
			children = (
				F3C41BB729F68B4F004ACA83 /* Fonts */,
				F3C41B7F29F675EF004ACA83 /* Assets.xcassets */,
			);
			path = Resources;
			sourceTree = "<group>";
		};
		F3C41B8C29F678B6004ACA83 /* SignUpScreen */ = {
			isa = PBXGroup;
			children = (
				F3E2825529F82140001D4A6C /* Protocols */,
				F3C41B9D29F67A32004ACA83 /* SignUpScreenAssembly.swift */,
				F3C41B7A29F675EB004ACA83 /* SignUpScreenViewController.swift */,
				F3C41B9529F679FF004ACA83 /* SignUpScreenView.swift */,
				F3C41B9729F67A13004ACA83 /* SignUpScreenPresenter.swift */,
				F3C41B9929F67A22004ACA83 /* SignUpScreenInteractor.swift */,
				F3C41B9B29F67A2A004ACA83 /* SignUpScreenRouter.swift */,
			);
			path = SignUpScreen;
			sourceTree = "<group>";
		};
		F3C41B8D29F678C3004ACA83 /* Screens */ = {
			isa = PBXGroup;
			children = (
				F3E2825E29F824DB001D4A6C /* Protocols */,
				F3E2825A29F82429001D4A6C /* MainRouter.swift */,
				F3E2826129F82511001D4A6C /* ScreenFactory.swift */,
				F3C41B8E29F678CC004ACA83 /* Storyboards */,
				F3C41B8C29F678B6004ACA83 /* SignUpScreen */,
				F3C41BA829F6862F004ACA83 /* MainScreen */,
				F3C41BA229F67BCD004ACA83 /* CutomViews */,
				F3C41BA529F67BEF004ACA83 /* Extensions */,
			);
			path = Screens;
			sourceTree = "<group>";
		};
		F3C41B8E29F678CC004ACA83 /* Storyboards */ = {
			isa = PBXGroup;
			children = (
				F3C41B8129F675EF004ACA83 /* LaunchScreen.storyboard */,
			);
			path = Storyboards;
			sourceTree = "<group>";
		};
		F3C41B9229F67931004ACA83 /* Services */ = {
			isa = PBXGroup;
			children = (
				F3E2825229F820AB001D4A6C /* ValidationService */,
				F3C41B9329F6793B004ACA83 /* NetworkService */,
			);
			path = Services;
			sourceTree = "<group>";
		};
		F3C41B9329F6793B004ACA83 /* NetworkService */ = {
			isa = PBXGroup;
			children = (
				F3C41B9429F67947004ACA83 /* Api */,
			);
			path = NetworkService;
			sourceTree = "<group>";
		};
		F3C41B9429F67947004ACA83 /* Api */ = {
			isa = PBXGroup;
			children = (
			);
			path = Api;
			sourceTree = "<group>";
		};
		F3C41BA229F67BCD004ACA83 /* CutomViews */ = {
			isa = PBXGroup;
			children = (
				F3C41BA329F67BE0004ACA83 /* UICustomTextField.swift */,
			);
			path = CutomViews;
			sourceTree = "<group>";
		};
		F3C41BA529F67BEF004ACA83 /* Extensions */ = {
			isa = PBXGroup;
			children = (
				F3C41BA629F67C07004ACA83 /* UIColorExtensions.swift */,
			);
			path = Extensions;
			sourceTree = "<group>";
		};
		F3C41BA829F6862F004ACA83 /* MainScreen */ = {
			isa = PBXGroup;
			children = (
				F3C41BA929F68644004ACA83 /* MainScreenAssembly.swift */,
				F3C41BAD29F6865E004ACA83 /* MainScreenViewController.swift */,
				F3C41BAB29F68654004ACA83 /* MainScreenView.swift */,
				F3C41BB529F688EF004ACA83 /* MainScreenCompetitionCollectionViewCell.swift */,
				F3C41BAF29F68665004ACA83 /* MainScreenPresenter.swift */,
				F3C41BB129F6867F004ACA83 /* MainScreenInteractor.swift */,
				F3C41BB329F68686004ACA83 /* MainScreenRouter.swift */,
			);
			path = MainScreen;
			sourceTree = "<group>";
		};
		F3C41BB729F68B4F004ACA83 /* Fonts */ = {
			isa = PBXGroup;
			children = (
				F3C41BBA29F6B4D0004ACA83 /* SFProText-Regular.ttf */,
				F3C41BB829F68B63004ACA83 /* SFProText-Medium.ttf */,
			);
			path = Fonts;
			sourceTree = "<group>";
		};
		F3E2825229F820AB001D4A6C /* ValidationService */ = {
			isa = PBXGroup;
			children = (
				F3E2825329F820D0001D4A6C /* AuthScreenValidator.swift */,
			);
			path = ValidationService;
			sourceTree = "<group>";
		};
		F3E2825529F82140001D4A6C /* Protocols */ = {
			isa = PBXGroup;
			children = (
				F3E2825829F82310001D4A6C /* SignUpScreenPresenterProtocol.swift */,
				F3E2826329F82995001D4A6C /* SignUpScreenViewControllerProtocol.swift */,
				F3E2826529F829E9001D4A6C /* SignUpScreenRouterProtocol.swift */,
				F3E2826729F829FE001D4A6C /* SignUpScreenInteractorProtocol.swift */,
			);
			path = Protocols;
			sourceTree = "<group>";
		};
		F3E2825E29F824DB001D4A6C /* Protocols */ = {
			isa = PBXGroup;
			children = (
				F3E2825C29F82447001D4A6C /* MainRouterProtocol.swift */,
				F3E2825F29F824FB001D4A6C /* ScreenFactoryProtocol.swift */,
			);
			path = Protocols;
			sourceTree = "<group>";
		};
/* End PBXGroup section */

/* Begin PBXNativeTarget section */
		F3C41B7229F675EB004ACA83 /* SHIFT-LAB */ = {
			isa = PBXNativeTarget;
			buildConfigurationList = F3C41B8729F675EF004ACA83 /* Build configuration list for PBXNativeTarget "SHIFT-LAB" */;
			buildPhases = (
				F3C41B6F29F675EB004ACA83 /* Sources */,
				F3C41B7029F675EB004ACA83 /* Frameworks */,
				F3C41B7129F675EB004ACA83 /* Resources */,
			);
			buildRules = (
			);
			dependencies = (
			);
			name = "SHIFT-LAB";
			packageProductDependencies = (
				F3C41BA029F67B59004ACA83 /* SnapKit */,
			);
			productName = "SHIFT-LAB";
			productReference = F3C41B7329F675EB004ACA83 /* SHIFT-LAB.app */;
			productType = "com.apple.product-type.application";
		};
/* End PBXNativeTarget section */

/* Begin PBXProject section */
		F3C41B6B29F675EB004ACA83 /* Project object */ = {
			isa = PBXProject;
			attributes = {
				BuildIndependentTargetsInParallel = 1;
				LastSwiftUpdateCheck = 1410;
				LastUpgradeCheck = 1410;
				TargetAttributes = {
					F3C41B7229F675EB004ACA83 = {
						CreatedOnToolsVersion = 14.1;
					};
				};
			};
			buildConfigurationList = F3C41B6E29F675EB004ACA83 /* Build configuration list for PBXProject "SHIFT-LAB" */;
			compatibilityVersion = "Xcode 14.0";
			developmentRegion = en;
			hasScannedForEncodings = 0;
			knownRegions = (
				en,
				Base,
			);
			mainGroup = F3C41B6A29F675EB004ACA83;
			packageReferences = (
				F3C41B9F29F67B59004ACA83 /* XCRemoteSwiftPackageReference "SnapKit" */,
			);
			productRefGroup = F3C41B7429F675EB004ACA83 /* Products */;
			projectDirPath = "";
			projectRoot = "";
			targets = (
				F3C41B7229F675EB004ACA83 /* SHIFT-LAB */,
			);
		};
/* End PBXProject section */

/* Begin PBXResourcesBuildPhase section */
		F3C41B7129F675EB004ACA83 /* Resources */ = {
			isa = PBXResourcesBuildPhase;
			buildActionMask = 2147483647;
			files = (
				F3C41BB929F68B63004ACA83 /* SFProText-Medium.ttf in Resources */,
				F3C41B8329F675EF004ACA83 /* LaunchScreen.storyboard in Resources */,
				F3C41B8029F675EF004ACA83 /* Assets.xcassets in Resources */,
				F3C41BBB29F6B4D0004ACA83 /* SFProText-Regular.ttf in Resources */,
			);
			runOnlyForDeploymentPostprocessing = 0;
		};
/* End PBXResourcesBuildPhase section */

/* Begin PBXSourcesBuildPhase section */
		F3C41B6F29F675EB004ACA83 /* Sources */ = {
			isa = PBXSourcesBuildPhase;
			buildActionMask = 2147483647;
			files = (
				F3E2825929F82310001D4A6C /* SignUpScreenPresenterProtocol.swift in Sources */,
				F3C41B7B29F675EB004ACA83 /* SignUpScreenViewController.swift in Sources */,
				F3E2826429F82995001D4A6C /* SignUpScreenViewControllerProtocol.swift in Sources */,
				F3C41BAE29F6865E004ACA83 /* MainScreenViewController.swift in Sources */,
				F3E2825429F820D0001D4A6C /* AuthScreenValidator.swift in Sources */,
				F3E2826229F82511001D4A6C /* ScreenFactory.swift in Sources */,
				F3C41BAA29F68644004ACA83 /* MainScreenAssembly.swift in Sources */,
				F3E2825B29F82429001D4A6C /* MainRouter.swift in Sources */,
				F3C41B7729F675EB004ACA83 /* AppDelegate.swift in Sources */,
				F3C41B9A29F67A22004ACA83 /* SignUpScreenInteractor.swift in Sources */,
				F3E2826029F824FB001D4A6C /* ScreenFactoryProtocol.swift in Sources */,
				F3C41BB629F688EF004ACA83 /* MainScreenCompetitionCollectionViewCell.swift in Sources */,
				F3C41BB229F6867F004ACA83 /* MainScreenInteractor.swift in Sources */,
				F3C41B9E29F67A32004ACA83 /* SignUpScreenAssembly.swift in Sources */,
				F3E2826829F829FE001D4A6C /* SignUpScreenInteractorProtocol.swift in Sources */,
				F3E2825D29F82447001D4A6C /* MainRouterProtocol.swift in Sources */,
				F3C41BB429F68686004ACA83 /* MainScreenRouter.swift in Sources */,
				F3C41B9629F679FF004ACA83 /* SignUpScreenView.swift in Sources */,
				F3C41B9C29F67A2A004ACA83 /* SignUpScreenRouter.swift in Sources */,
				F3E2826629F829E9001D4A6C /* SignUpScreenRouterProtocol.swift in Sources */,
				F3C41BAC29F68654004ACA83 /* MainScreenView.swift in Sources */,
				F3C41BB029F68665004ACA83 /* MainScreenPresenter.swift in Sources */,
				F3C41B9829F67A13004ACA83 /* SignUpScreenPresenter.swift in Sources */,
				F3C41B7929F675EB004ACA83 /* SceneDelegate.swift in Sources */,
				F3C41BA429F67BE0004ACA83 /* UICustomTextField.swift in Sources */,
				F3C41BA729F67C07004ACA83 /* UIColorExtensions.swift in Sources */,
			);
			runOnlyForDeploymentPostprocessing = 0;
		};
/* End PBXSourcesBuildPhase section */

/* Begin PBXVariantGroup section */
		F3C41B8129F675EF004ACA83 /* LaunchScreen.storyboard */ = {
			isa = PBXVariantGroup;
			children = (
				F3C41B8229F675EF004ACA83 /* Base */,
			);
			name = LaunchScreen.storyboard;
			sourceTree = "<group>";
		};
/* End PBXVariantGroup section */

/* Begin XCBuildConfiguration section */
		F3C41B8529F675EF004ACA83 /* Debug */ = {
			isa = XCBuildConfiguration;
			buildSettings = {
				ALWAYS_SEARCH_USER_PATHS = NO;
				CLANG_ANALYZER_NONNULL = YES;
				CLANG_ANALYZER_NUMBER_OBJECT_CONVERSION = YES_AGGRESSIVE;
				CLANG_CXX_LANGUAGE_STANDARD = "gnu++20";
				CLANG_ENABLE_MODULES = YES;
				CLANG_ENABLE_OBJC_ARC = YES;
				CLANG_ENABLE_OBJC_WEAK = YES;
				CLANG_WARN_BLOCK_CAPTURE_AUTORELEASING = YES;
				CLANG_WARN_BOOL_CONVERSION = YES;
				CLANG_WARN_COMMA = YES;
				CLANG_WARN_CONSTANT_CONVERSION = YES;
				CLANG_WARN_DEPRECATED_OBJC_IMPLEMENTATIONS = YES;
				CLANG_WARN_DIRECT_OBJC_ISA_USAGE = YES_ERROR;
				CLANG_WARN_DOCUMENTATION_COMMENTS = YES;
				CLANG_WARN_EMPTY_BODY = YES;
				CLANG_WARN_ENUM_CONVERSION = YES;
				CLANG_WARN_INFINITE_RECURSION = YES;
				CLANG_WARN_INT_CONVERSION = YES;
				CLANG_WARN_NON_LITERAL_NULL_CONVERSION = YES;
				CLANG_WARN_OBJC_IMPLICIT_RETAIN_SELF = YES;
				CLANG_WARN_OBJC_LITERAL_CONVERSION = YES;
				CLANG_WARN_OBJC_ROOT_CLASS = YES_ERROR;
				CLANG_WARN_QUOTED_INCLUDE_IN_FRAMEWORK_HEADER = YES;
				CLANG_WARN_RANGE_LOOP_ANALYSIS = YES;
				CLANG_WARN_STRICT_PROTOTYPES = YES;
				CLANG_WARN_SUSPICIOUS_MOVE = YES;
				CLANG_WARN_UNGUARDED_AVAILABILITY = YES_AGGRESSIVE;
				CLANG_WARN_UNREACHABLE_CODE = YES;
				CLANG_WARN__DUPLICATE_METHOD_MATCH = YES;
				COPY_PHASE_STRIP = NO;
				DEBUG_INFORMATION_FORMAT = dwarf;
				ENABLE_STRICT_OBJC_MSGSEND = YES;
				ENABLE_TESTABILITY = YES;
				GCC_C_LANGUAGE_STANDARD = gnu11;
				GCC_DYNAMIC_NO_PIC = NO;
				GCC_NO_COMMON_BLOCKS = YES;
				GCC_OPTIMIZATION_LEVEL = 0;
				GCC_PREPROCESSOR_DEFINITIONS = (
					"DEBUG=1",
					"$(inherited)",
				);
				GCC_WARN_64_TO_32_BIT_CONVERSION = YES;
				GCC_WARN_ABOUT_RETURN_TYPE = YES_ERROR;
				GCC_WARN_UNDECLARED_SELECTOR = YES;
				GCC_WARN_UNINITIALIZED_AUTOS = YES_AGGRESSIVE;
				GCC_WARN_UNUSED_FUNCTION = YES;
				GCC_WARN_UNUSED_VARIABLE = YES;
				IPHONEOS_DEPLOYMENT_TARGET = 16.1;
				MTL_ENABLE_DEBUG_INFO = INCLUDE_SOURCE;
				MTL_FAST_MATH = YES;
				ONLY_ACTIVE_ARCH = YES;
				SDKROOT = iphoneos;
				SWIFT_ACTIVE_COMPILATION_CONDITIONS = DEBUG;
				SWIFT_OPTIMIZATION_LEVEL = "-Onone";
			};
			name = Debug;
		};
		F3C41B8629F675EF004ACA83 /* Release */ = {
			isa = XCBuildConfiguration;
			buildSettings = {
				ALWAYS_SEARCH_USER_PATHS = NO;
				CLANG_ANALYZER_NONNULL = YES;
				CLANG_ANALYZER_NUMBER_OBJECT_CONVERSION = YES_AGGRESSIVE;
				CLANG_CXX_LANGUAGE_STANDARD = "gnu++20";
				CLANG_ENABLE_MODULES = YES;
				CLANG_ENABLE_OBJC_ARC = YES;
				CLANG_ENABLE_OBJC_WEAK = YES;
				CLANG_WARN_BLOCK_CAPTURE_AUTORELEASING = YES;
				CLANG_WARN_BOOL_CONVERSION = YES;
				CLANG_WARN_COMMA = YES;
				CLANG_WARN_CONSTANT_CONVERSION = YES;
				CLANG_WARN_DEPRECATED_OBJC_IMPLEMENTATIONS = YES;
				CLANG_WARN_DIRECT_OBJC_ISA_USAGE = YES_ERROR;
				CLANG_WARN_DOCUMENTATION_COMMENTS = YES;
				CLANG_WARN_EMPTY_BODY = YES;
				CLANG_WARN_ENUM_CONVERSION = YES;
				CLANG_WARN_INFINITE_RECURSION = YES;
				CLANG_WARN_INT_CONVERSION = YES;
				CLANG_WARN_NON_LITERAL_NULL_CONVERSION = YES;
				CLANG_WARN_OBJC_IMPLICIT_RETAIN_SELF = YES;
				CLANG_WARN_OBJC_LITERAL_CONVERSION = YES;
				CLANG_WARN_OBJC_ROOT_CLASS = YES_ERROR;
				CLANG_WARN_QUOTED_INCLUDE_IN_FRAMEWORK_HEADER = YES;
				CLANG_WARN_RANGE_LOOP_ANALYSIS = YES;
				CLANG_WARN_STRICT_PROTOTYPES = YES;
				CLANG_WARN_SUSPICIOUS_MOVE = YES;
				CLANG_WARN_UNGUARDED_AVAILABILITY = YES_AGGRESSIVE;
				CLANG_WARN_UNREACHABLE_CODE = YES;
				CLANG_WARN__DUPLICATE_METHOD_MATCH = YES;
				COPY_PHASE_STRIP = NO;
				DEBUG_INFORMATION_FORMAT = "dwarf-with-dsym";
				ENABLE_NS_ASSERTIONS = NO;
				ENABLE_STRICT_OBJC_MSGSEND = YES;
				GCC_C_LANGUAGE_STANDARD = gnu11;
				GCC_NO_COMMON_BLOCKS = YES;
				GCC_WARN_64_TO_32_BIT_CONVERSION = YES;
				GCC_WARN_ABOUT_RETURN_TYPE = YES_ERROR;
				GCC_WARN_UNDECLARED_SELECTOR = YES;
				GCC_WARN_UNINITIALIZED_AUTOS = YES_AGGRESSIVE;
				GCC_WARN_UNUSED_FUNCTION = YES;
				GCC_WARN_UNUSED_VARIABLE = YES;
				IPHONEOS_DEPLOYMENT_TARGET = 16.1;
				MTL_ENABLE_DEBUG_INFO = NO;
				MTL_FAST_MATH = YES;
				SDKROOT = iphoneos;
				SWIFT_COMPILATION_MODE = wholemodule;
				SWIFT_OPTIMIZATION_LEVEL = "-O";
				VALIDATE_PRODUCT = YES;
			};
			name = Release;
		};
		F3C41B8829F675EF004ACA83 /* Debug */ = {
			isa = XCBuildConfiguration;
			buildSettings = {
				ASSETCATALOG_COMPILER_APPICON_NAME = AppIcon;
				ASSETCATALOG_COMPILER_GLOBAL_ACCENT_COLOR_NAME = AccentColor;
				CODE_SIGN_STYLE = Automatic;
				CURRENT_PROJECT_VERSION = 1;
				DEVELOPMENT_TEAM = 8F9BJF9KQ5;
				GENERATE_INFOPLIST_FILE = YES;
				INFOPLIST_FILE = "SHIFT-LAB/Application/Info.plist";
				INFOPLIST_KEY_UIApplicationSupportsIndirectInputEvents = YES;
				INFOPLIST_KEY_UILaunchStoryboardName = LaunchScreen;
				INFOPLIST_KEY_UIStatusBarStyle = UIStatusBarStyleDarkContent;
				INFOPLIST_KEY_UISupportedInterfaceOrientations = UIInterfaceOrientationPortrait;
				INFOPLIST_KEY_UISupportedInterfaceOrientations_iPad = "UIInterfaceOrientationLandscapeLeft UIInterfaceOrientationLandscapeRight UIInterfaceOrientationPortrait UIInterfaceOrientationPortraitUpsideDown";
				LD_RUNPATH_SEARCH_PATHS = (
					"$(inherited)",
					"@executable_path/Frameworks",
				);
				MARKETING_VERSION = 1.0;
				PRODUCT_BUNDLE_IDENTIFIER = "shift.SHIFT-LAB";
				PRODUCT_NAME = "$(TARGET_NAME)";
				SUPPORTED_PLATFORMS = "iphoneos iphonesimulator";
				SUPPORTS_MACCATALYST = NO;
				SUPPORTS_MAC_DESIGNED_FOR_IPHONE_IPAD = NO;
				SWIFT_EMIT_LOC_STRINGS = YES;
				SWIFT_VERSION = 5.0;
				TARGETED_DEVICE_FAMILY = 1;
			};
			name = Debug;
		};
		F3C41B8929F675EF004ACA83 /* Release */ = {
			isa = XCBuildConfiguration;
			buildSettings = {
				ASSETCATALOG_COMPILER_APPICON_NAME = AppIcon;
				ASSETCATALOG_COMPILER_GLOBAL_ACCENT_COLOR_NAME = AccentColor;
				CODE_SIGN_STYLE = Automatic;
				CURRENT_PROJECT_VERSION = 1;
				DEVELOPMENT_TEAM = 8F9BJF9KQ5;
				GENERATE_INFOPLIST_FILE = YES;
				INFOPLIST_FILE = "SHIFT-LAB/Application/Info.plist";
				INFOPLIST_KEY_UIApplicationSupportsIndirectInputEvents = YES;
				INFOPLIST_KEY_UILaunchStoryboardName = LaunchScreen;
				INFOPLIST_KEY_UIStatusBarStyle = UIStatusBarStyleDarkContent;
				INFOPLIST_KEY_UISupportedInterfaceOrientations = UIInterfaceOrientationPortrait;
				INFOPLIST_KEY_UISupportedInterfaceOrientations_iPad = "UIInterfaceOrientationLandscapeLeft UIInterfaceOrientationLandscapeRight UIInterfaceOrientationPortrait UIInterfaceOrientationPortraitUpsideDown";
				LD_RUNPATH_SEARCH_PATHS = (
					"$(inherited)",
					"@executable_path/Frameworks",
				);
				MARKETING_VERSION = 1.0;
				PRODUCT_BUNDLE_IDENTIFIER = "shift.SHIFT-LAB";
				PRODUCT_NAME = "$(TARGET_NAME)";
				SUPPORTED_PLATFORMS = "iphoneos iphonesimulator";
				SUPPORTS_MACCATALYST = NO;
				SUPPORTS_MAC_DESIGNED_FOR_IPHONE_IPAD = NO;
				SWIFT_EMIT_LOC_STRINGS = YES;
				SWIFT_VERSION = 5.0;
				TARGETED_DEVICE_FAMILY = 1;
			};
			name = Release;
		};
/* End XCBuildConfiguration section */

/* Begin XCConfigurationList section */
		F3C41B6E29F675EB004ACA83 /* Build configuration list for PBXProject "SHIFT-LAB" */ = {
			isa = XCConfigurationList;
			buildConfigurations = (
				F3C41B8529F675EF004ACA83 /* Debug */,
				F3C41B8629F675EF004ACA83 /* Release */,
			);
			defaultConfigurationIsVisible = 0;
			defaultConfigurationName = Release;
		};
		F3C41B8729F675EF004ACA83 /* Build configuration list for PBXNativeTarget "SHIFT-LAB" */ = {
			isa = XCConfigurationList;
			buildConfigurations = (
				F3C41B8829F675EF004ACA83 /* Debug */,
				F3C41B8929F675EF004ACA83 /* Release */,
			);
			defaultConfigurationIsVisible = 0;
			defaultConfigurationName = Release;
		};
/* End XCConfigurationList section */

/* Begin XCRemoteSwiftPackageReference section */
		F3C41B9F29F67B59004ACA83 /* XCRemoteSwiftPackageReference "SnapKit" */ = {
			isa = XCRemoteSwiftPackageReference;
			repositoryURL = "https://github.com/SnapKit/SnapKit.git";
			requirement = {
				branch = develop;
				kind = branch;
			};
		};
/* End XCRemoteSwiftPackageReference section */

/* Begin XCSwiftPackageProductDependency section */
		F3C41BA029F67B59004ACA83 /* SnapKit */ = {
			isa = XCSwiftPackageProductDependency;
			package = F3C41B9F29F67B59004ACA83 /* XCRemoteSwiftPackageReference "SnapKit" */;
			productName = SnapKit;
		};
/* End XCSwiftPackageProductDependency section */
	};
	rootObject = F3C41B6B29F675EB004ACA83 /* Project object */;
}
